
Microsoft Visual Studio Solution File, Format Version 12.00
# Visual Studio Version 17
VisualStudioVersion = 17.7.34221.43
MinimumVisualStudioVersion = 10.0.40219.1
Project("{FAE04EC0-301F-11D3-BF4B-00C04F79EFBC}") = "BridgePattern", "BridgePattern.csproj", "{AB2B6A87-2C17-4317-906B-233D9008FE32}"
EndProject
Global
	GlobalSection(SolutionConfigurationPlatforms) = preSolution
		Debug|Any CPU = Debug|Any CPU
		Release|Any CPU = Release|Any CPU
	EndGlobalSection
	GlobalSection(ProjectConfigurationPlatforms) = postSolution
		{AB2B6A87-2C17-4317-906B-233D9008FE32}.Debug|Any CPU.ActiveCfg = Debug|Any CPU
		{AB2B6A87-2C17-4317-906B-233D9008FE32}.Debug|Any CPU.Build.0 = Debug|Any CPU
		{AB2B6A87-2C17-4317-906B-233D9008FE32}.Release|Any CPU.ActiveCfg = Release|Any CPU
		{AB2B6A87-2C17-4317-906B-233D9008FE32}.Release|Any CPU.Build.0 = Release|Any CPU
	EndGlobalSection
	GlobalSection(SolutionProperties) = preSolution
		HideSolutionNode = FALSE
	EndGlobalSection
	GlobalSection(ExtensibilityGlobals) = postSolution
		SolutionGuid = {43F6DD65-8D95-474F-83D6-B7D32C8A69F8}
	EndGlobalSection
EndGlobal
